
Microsoft Visual Studio Solution File, Format Version 12.00
# Visual Studio 14
VisualStudioVersion = 14.0.25420.1
MinimumVisualStudioVersion = 10.0.40219.1
Project("{FAE04EC0-301F-11D3-BF4B-00C04F79EFBC}") = "Symlconnect.Maternity.Wpf", "Symlconnect.Maternity.Wpf\Symlconnect.Maternity.Wpf.csproj", "{99C9E82C-C594-446D-AA59-8FFBC43AD226}"
EndProject
Project("{2150E333-8FDC-42A3-9474-1A3956D46DE8}") = "UnitTests", "UnitTests", "{53406298-FCD4-4ECC-AC0B-C91D3896F81C}"
EndProject
Project("{FAE04EC0-301F-11D3-BF4B-00C04F79EFBC}") = "Symlconnect.DataModel", "Symlconnect.DataModel\Symlconnect.DataModel.csproj", "{5A974588-2AE1-4135-896C-404856732BAE}"
EndProject
Project("{FAE04EC0-301F-11D3-BF4B-00C04F79EFBC}") = "Symlconnect.ViewModel", "Symlconnect.ViewModel\Symlconnect.ViewModel.csproj", "{90660699-AB83-445F-ACAA-4F577A20B5E5}"
EndProject
Project("{FAE04EC0-301F-11D3-BF4B-00C04F79EFBC}") = "Symlconnect.DataModel.UnitTests", "Symlconnect.DataModel.UnitTests\Symlconnect.DataModel.UnitTests.csproj", "{EAA422D5-2965-43D1-A3E1-C8665B75EEF8}"
EndProject
Project("{FAE04EC0-301F-11D3-BF4B-00C04F79EFBC}") = "Symlconnect.ViewModel.UnitTests", "Symlconnect.ViewModel.UnitTests\Symlconnect.ViewModel.UnitTests.csproj", "{341D69ED-082A-40CF-8E1C-1AE3863D4805}"
EndProject
Project("{FAE04EC0-301F-11D3-BF4B-00C04F79EFBC}") = "Symlconnect.Contracts", "Symlconnect.Contracts\Symlconnect.Contracts.csproj", "{B75EF7AE-9C50-4008-B757-FB0CEBD40A7A}"
EndProject
Project("{FAE04EC0-301F-11D3-BF4B-00C04F79EFBC}") = "Symlconnect.Common", "Symlconnect.Common\Symlconnect.Common.csproj", "{8F812CBD-A273-4C37-8FEA-F7A8F00DF0D0}"
EndProject
Project("{FAE04EC0-301F-11D3-BF4B-00C04F79EFBC}") = "Symlconnect.Common.UnitTests", "Symlconnect.Common.UnitTests\Symlconnect.Common.UnitTests.csproj", "{D4AC2A2D-AE3C-44E4-800E-07FA90088B54}"
EndProject
Project("{2150E333-8FDC-42A3-9474-1A3956D46DE8}") = "Solution Items", "Solution Items", "{9099E946-5F1C-4B7B-9DBF-A7D20ADFB1AA}"
	ProjectSection(SolutionItems) = preProject
		CodeCoverage.runsettings = CodeCoverage.runsettings
	EndProjectSection
EndProject
Project("{FAE04EC0-301F-11D3-BF4B-00C04F79EFBC}") = "Symlconnect.UnitTests.Framework", "Symlconnect.UnitTests.Framework\Symlconnect.UnitTests.Framework.csproj", "{DE90FE0A-CA8A-47E7-9281-D9B088FD8093}"
EndProject
Project("{FAE04EC0-301F-11D3-BF4B-00C04F79EFBC}") = "Symlconnect.Maternity.Wpf.UnitTests", "Symlconnect.Maternity.Wpf.UnitTests\Symlconnect.Maternity.Wpf.UnitTests.csproj", "{6B331305-7721-42C9-8A88-39674804F813}"
EndProject
Project("{FAE04EC0-301F-11D3-BF4B-00C04F79EFBC}") = "Symlconnect.Maternity.Common", "Symlconnect.Maternity.Common\Symlconnect.Maternity.Common.csproj", "{8220E6A2-EB9B-4E75-B084-6EDD485E8461}"
EndProject
Project("{FAE04EC0-301F-11D3-BF4B-00C04F79EFBC}") = "Symlconnect.Maternity.Common.UnitTests", "Symlconnect.Maternity.Common.UnitTests\Symlconnect.Maternity.Common.UnitTests.csproj", "{09BD58DD-6574-4E62-A265-F3B9A29AE647}"
EndProject
Global
	GlobalSection(SolutionConfigurationPlatforms) = preSolution
		Debug|Any CPU = Debug|Any CPU
		Debug|ARM = Debug|ARM
		Debug|iPhone = Debug|iPhone
		Debug|iPhoneSimulator = Debug|iPhoneSimulator
		Debug|x64 = Debug|x64
		Debug|x86 = Debug|x86
		Release|Any CPU = Release|Any CPU
		Release|ARM = Release|ARM
		Release|iPhone = Release|iPhone
		Release|iPhoneSimulator = Release|iPhoneSimulator
		Release|x64 = Release|x64
		Release|x86 = Release|x86
	EndGlobalSection
	GlobalSection(ProjectConfigurationPlatforms) = postSolution
		{99C9E82C-C594-446D-AA59-8FFBC43AD226}.Debug|Any CPU.ActiveCfg = Debug|Any CPU
		{99C9E82C-C594-446D-AA59-8FFBC43AD226}.Debug|Any CPU.Build.0 = Debug|Any CPU
		{99C9E82C-C594-446D-AA59-8FFBC43AD226}.Debug|ARM.ActiveCfg = Debug|Any CPU
		{99C9E82C-C594-446D-AA59-8FFBC43AD226}.Debug|ARM.Build.0 = Debug|Any CPU
		{99C9E82C-C594-446D-AA59-8FFBC43AD226}.Debug|iPhone.ActiveCfg = Debug|Any CPU
		{99C9E82C-C594-446D-AA59-8FFBC43AD226}.Debug|iPhone.Build.0 = Debug|Any CPU
		{99C9E82C-C594-446D-AA59-8FFBC43AD226}.Debug|iPhoneSimulator.ActiveCfg = Debug|Any CPU
		{99C9E82C-C594-446D-AA59-8FFBC43AD226}.Debug|iPhoneSimulator.Build.0 = Debug|Any CPU
		{99C9E82C-C594-446D-AA59-8FFBC43AD226}.Debug|x64.ActiveCfg = Debug|Any CPU
		{99C9E82C-C594-446D-AA59-8FFBC43AD226}.Debug|x64.Build.0 = Debug|Any CPU
		{99C9E82C-C594-446D-AA59-8FFBC43AD226}.Debug|x86.ActiveCfg = Debug|Any CPU
		{99C9E82C-C594-446D-AA59-8FFBC43AD226}.Debug|x86.Build.0 = Debug|Any CPU
		{99C9E82C-C594-446D-AA59-8FFBC43AD226}.Release|Any CPU.ActiveCfg = Release|Any CPU
		{99C9E82C-C594-446D-AA59-8FFBC43AD226}.Release|Any CPU.Build.0 = Release|Any CPU
		{99C9E82C-C594-446D-AA59-8FFBC43AD226}.Release|ARM.ActiveCfg = Release|Any CPU
		{99C9E82C-C594-446D-AA59-8FFBC43AD226}.Release|ARM.Build.0 = Release|Any CPU
		{99C9E82C-C594-446D-AA59-8FFBC43AD226}.Release|iPhone.ActiveCfg = Release|Any CPU
		{99C9E82C-C594-446D-AA59-8FFBC43AD226}.Release|iPhone.Build.0 = Release|Any CPU
		{99C9E82C-C594-446D-AA59-8FFBC43AD226}.Release|iPhoneSimulator.ActiveCfg = Release|Any CPU
		{99C9E82C-C594-446D-AA59-8FFBC43AD226}.Release|iPhoneSimulator.Build.0 = Release|Any CPU
		{99C9E82C-C594-446D-AA59-8FFBC43AD226}.Release|x64.ActiveCfg = Release|Any CPU
		{99C9E82C-C594-446D-AA59-8FFBC43AD226}.Release|x64.Build.0 = Release|Any CPU
		{99C9E82C-C594-446D-AA59-8FFBC43AD226}.Release|x86.ActiveCfg = Release|Any CPU
		{99C9E82C-C594-446D-AA59-8FFBC43AD226}.Release|x86.Build.0 = Release|Any CPU
		{5A974588-2AE1-4135-896C-404856732BAE}.Debug|Any CPU.ActiveCfg = Debug|Any CPU
		{5A974588-2AE1-4135-896C-404856732BAE}.Debug|Any CPU.Build.0 = Debug|Any CPU
		{5A974588-2AE1-4135-896C-404856732BAE}.Debug|ARM.ActiveCfg = Debug|Any CPU
		{5A974588-2AE1-4135-896C-404856732BAE}.Debug|ARM.Build.0 = Debug|Any CPU
		{5A974588-2AE1-4135-896C-404856732BAE}.Debug|iPhone.ActiveCfg = Debug|Any CPU
		{5A974588-2AE1-4135-896C-404856732BAE}.Debug|iPhone.Build.0 = Debug|Any CPU
		{5A974588-2AE1-4135-896C-404856732BAE}.Debug|iPhoneSimulator.ActiveCfg = Debug|Any CPU
		{5A974588-2AE1-4135-896C-404856732BAE}.Debug|iPhoneSimulator.Build.0 = Debug|Any CPU
		{5A974588-2AE1-4135-896C-404856732BAE}.Debug|x64.ActiveCfg = Debug|Any CPU
		{5A974588-2AE1-4135-896C-404856732BAE}.Debug|x64.Build.0 = Debug|Any CPU
		{5A974588-2AE1-4135-896C-404856732BAE}.Debug|x86.ActiveCfg = Debug|Any CPU
		{5A974588-2AE1-4135-896C-404856732BAE}.Debug|x86.Build.0 = Debug|Any CPU
		{5A974588-2AE1-4135-896C-404856732BAE}.Release|Any CPU.ActiveCfg = Release|Any CPU
		{5A974588-2AE1-4135-896C-404856732BAE}.Release|Any CPU.Build.0 = Release|Any CPU
		{5A974588-2AE1-4135-896C-404856732BAE}.Release|ARM.ActiveCfg = Release|Any CPU
		{5A974588-2AE1-4135-896C-404856732BAE}.Release|ARM.Build.0 = Release|Any CPU
		{5A974588-2AE1-4135-896C-404856732BAE}.Release|iPhone.ActiveCfg = Release|Any CPU
		{5A974588-2AE1-4135-896C-404856732BAE}.Release|iPhone.Build.0 = Release|Any CPU
		{5A974588-2AE1-4135-896C-404856732BAE}.Release|iPhoneSimulator.ActiveCfg = Release|Any CPU
		{5A974588-2AE1-4135-896C-404856732BAE}.Release|iPhoneSimulator.Build.0 = Release|Any CPU
		{5A974588-2AE1-4135-896C-404856732BAE}.Release|x64.ActiveCfg = Release|Any CPU
		{5A974588-2AE1-4135-896C-404856732BAE}.Release|x64.Build.0 = Release|Any CPU
		{5A974588-2AE1-4135-896C-404856732BAE}.Release|x86.ActiveCfg = Release|Any CPU
		{5A974588-2AE1-4135-896C-404856732BAE}.Release|x86.Build.0 = Release|Any CPU
		{90660699-AB83-445F-ACAA-4F577A20B5E5}.Debug|Any CPU.ActiveCfg = Debug|Any CPU
		{90660699-AB83-445F-ACAA-4F577A20B5E5}.Debug|Any CPU.Build.0 = Debug|Any CPU
		{90660699-AB83-445F-ACAA-4F577A20B5E5}.Debug|ARM.ActiveCfg = Debug|Any CPU
		{90660699-AB83-445F-ACAA-4F577A20B5E5}.Debug|ARM.Build.0 = Debug|Any CPU
		{90660699-AB83-445F-ACAA-4F577A20B5E5}.Debug|iPhone.ActiveCfg = Debug|Any CPU
		{90660699-AB83-445F-ACAA-4F577A20B5E5}.Debug|iPhone.Build.0 = Debug|Any CPU
		{90660699-AB83-445F-ACAA-4F577A20B5E5}.Debug|iPhoneSimulator.ActiveCfg = Debug|Any CPU
		{90660699-AB83-445F-ACAA-4F577A20B5E5}.Debug|iPhoneSimulator.Build.0 = Debug|Any CPU
		{90660699-AB83-445F-ACAA-4F577A20B5E5}.Debug|x64.ActiveCfg = Debug|Any CPU
		{90660699-AB83-445F-ACAA-4F577A20B5E5}.Debug|x64.Build.0 = Debug|Any CPU
		{90660699-AB83-445F-ACAA-4F577A20B5E5}.Debug|x86.ActiveCfg = Debug|Any CPU
		{90660699-AB83-445F-ACAA-4F577A20B5E5}.Debug|x86.Build.0 = Debug|Any CPU
		{90660699-AB83-445F-ACAA-4F577A20B5E5}.Release|Any CPU.ActiveCfg = Release|Any CPU
		{90660699-AB83-445F-ACAA-4F577A20B5E5}.Release|Any CPU.Build.0 = Release|Any CPU
		{90660699-AB83-445F-ACAA-4F577A20B5E5}.Release|ARM.ActiveCfg = Release|Any CPU
		{90660699-AB83-445F-ACAA-4F577A20B5E5}.Release|ARM.Build.0 = Release|Any CPU
		{90660699-AB83-445F-ACAA-4F577A20B5E5}.Release|iPhone.ActiveCfg = Release|Any CPU
		{90660699-AB83-445F-ACAA-4F577A20B5E5}.Release|iPhone.Build.0 = Release|Any CPU
		{90660699-AB83-445F-ACAA-4F577A20B5E5}.Release|iPhoneSimulator.ActiveCfg = Release|Any CPU
		{90660699-AB83-445F-ACAA-4F577A20B5E5}.Release|iPhoneSimulator.Build.0 = Release|Any CPU
		{90660699-AB83-445F-ACAA-4F577A20B5E5}.Release|x64.ActiveCfg = Release|Any CPU
		{90660699-AB83-445F-ACAA-4F577A20B5E5}.Release|x64.Build.0 = Release|Any CPU
		{90660699-AB83-445F-ACAA-4F577A20B5E5}.Release|x86.ActiveCfg = Release|Any CPU
		{90660699-AB83-445F-ACAA-4F577A20B5E5}.Release|x86.Build.0 = Release|Any CPU
		{EAA422D5-2965-43D1-A3E1-C8665B75EEF8}.Debug|Any CPU.ActiveCfg = Debug|Any CPU
		{EAA422D5-2965-43D1-A3E1-C8665B75EEF8}.Debug|Any CPU.Build.0 = Debug|Any CPU
		{EAA422D5-2965-43D1-A3E1-C8665B75EEF8}.Debug|ARM.ActiveCfg = Debug|Any CPU
		{EAA422D5-2965-43D1-A3E1-C8665B75EEF8}.Debug|ARM.Build.0 = Debug|Any CPU
		{EAA422D5-2965-43D1-A3E1-C8665B75EEF8}.Debug|iPhone.ActiveCfg = Debug|Any CPU
		{EAA422D5-2965-43D1-A3E1-C8665B75EEF8}.Debug|iPhone.Build.0 = Debug|Any CPU
		{EAA422D5-2965-43D1-A3E1-C8665B75EEF8}.Debug|iPhoneSimulator.ActiveCfg = Debug|Any CPU
		{EAA422D5-2965-43D1-A3E1-C8665B75EEF8}.Debug|iPhoneSimulator.Build.0 = Debug|Any CPU
		{EAA422D5-2965-43D1-A3E1-C8665B75EEF8}.Debug|x64.ActiveCfg = Debug|Any CPU
		{EAA422D5-2965-43D1-A3E1-C8665B75EEF8}.Debug|x64.Build.0 = Debug|Any CPU
		{EAA422D5-2965-43D1-A3E1-C8665B75EEF8}.Debug|x86.ActiveCfg = Debug|Any CPU
		{EAA422D5-2965-43D1-A3E1-C8665B75EEF8}.Debug|x86.Build.0 = Debug|Any CPU
		{EAA422D5-2965-43D1-A3E1-C8665B75EEF8}.Release|Any CPU.ActiveCfg = Release|Any CPU
		{EAA422D5-2965-43D1-A3E1-C8665B75EEF8}.Release|Any CPU.Build.0 = Release|Any CPU
		{EAA422D5-2965-43D1-A3E1-C8665B75EEF8}.Release|ARM.ActiveCfg = Release|Any CPU
		{EAA422D5-2965-43D1-A3E1-C8665B75EEF8}.Release|ARM.Build.0 = Release|Any CPU
		{EAA422D5-2965-43D1-A3E1-C8665B75EEF8}.Release|iPhone.ActiveCfg = Release|Any CPU
		{EAA422D5-2965-43D1-A3E1-C8665B75EEF8}.Release|iPhone.Build.0 = Release|Any CPU
		{EAA422D5-2965-43D1-A3E1-C8665B75EEF8}.Release|iPhoneSimulator.ActiveCfg = Release|Any CPU
		{EAA422D5-2965-43D1-A3E1-C8665B75EEF8}.Release|iPhoneSimulator.Build.0 = Release|Any CPU
		{EAA422D5-2965-43D1-A3E1-C8665B75EEF8}.Release|x64.ActiveCfg = Release|Any CPU
		{EAA422D5-2965-43D1-A3E1-C8665B75EEF8}.Release|x64.Build.0 = Release|Any CPU
		{EAA422D5-2965-43D1-A3E1-C8665B75EEF8}.Release|x86.ActiveCfg = Release|Any CPU
		{EAA422D5-2965-43D1-A3E1-C8665B75EEF8}.Release|x86.Build.0 = Release|Any CPU
		{341D69ED-082A-40CF-8E1C-1AE3863D4805}.Debug|Any CPU.ActiveCfg = Debug|Any CPU
		{341D69ED-082A-40CF-8E1C-1AE3863D4805}.Debug|Any CPU.Build.0 = Debug|Any CPU
		{341D69ED-082A-40CF-8E1C-1AE3863D4805}.Debug|ARM.ActiveCfg = Debug|Any CPU
		{341D69ED-082A-40CF-8E1C-1AE3863D4805}.Debug|ARM.Build.0 = Debug|Any CPU
		{341D69ED-082A-40CF-8E1C-1AE3863D4805}.Debug|iPhone.ActiveCfg = Debug|Any CPU
		{341D69ED-082A-40CF-8E1C-1AE3863D4805}.Debug|iPhone.Build.0 = Debug|Any CPU
		{341D69ED-082A-40CF-8E1C-1AE3863D4805}.Debug|iPhoneSimulator.ActiveCfg = Debug|Any CPU
		{341D69ED-082A-40CF-8E1C-1AE3863D4805}.Debug|iPhoneSimulator.Build.0 = Debug|Any CPU
		{341D69ED-082A-40CF-8E1C-1AE3863D4805}.Debug|x64.ActiveCfg = Debug|Any CPU
		{341D69ED-082A-40CF-8E1C-1AE3863D4805}.Debug|x64.Build.0 = Debug|Any CPU
		{341D69ED-082A-40CF-8E1C-1AE3863D4805}.Debug|x86.ActiveCfg = Debug|Any CPU
		{341D69ED-082A-40CF-8E1C-1AE3863D4805}.Debug|x86.Build.0 = Debug|Any CPU
		{341D69ED-082A-40CF-8E1C-1AE3863D4805}.Release|Any CPU.ActiveCfg = Release|Any CPU
		{341D69ED-082A-40CF-8E1C-1AE3863D4805}.Release|Any CPU.Build.0 = Release|Any CPU
		{341D69ED-082A-40CF-8E1C-1AE3863D4805}.Release|ARM.ActiveCfg = Release|Any CPU
		{341D69ED-082A-40CF-8E1C-1AE3863D4805}.Release|ARM.Build.0 = Release|Any CPU
		{341D69ED-082A-40CF-8E1C-1AE3863D4805}.Release|iPhone.ActiveCfg = Release|Any CPU
		{341D69ED-082A-40CF-8E1C-1AE3863D4805}.Release|iPhone.Build.0 = Release|Any CPU
		{341D69ED-082A-40CF-8E1C-1AE3863D4805}.Release|iPhoneSimulator.ActiveCfg = Release|Any CPU
		{341D69ED-082A-40CF-8E1C-1AE3863D4805}.Release|iPhoneSimulator.Build.0 = Release|Any CPU
		{341D69ED-082A-40CF-8E1C-1AE3863D4805}.Release|x64.ActiveCfg = Release|Any CPU
		{341D69ED-082A-40CF-8E1C-1AE3863D4805}.Release|x64.Build.0 = Release|Any CPU
		{341D69ED-082A-40CF-8E1C-1AE3863D4805}.Release|x86.ActiveCfg = Release|Any CPU
		{341D69ED-082A-40CF-8E1C-1AE3863D4805}.Release|x86.Build.0 = Release|Any CPU
		{B75EF7AE-9C50-4008-B757-FB0CEBD40A7A}.Debug|Any CPU.ActiveCfg = Debug|Any CPU
		{B75EF7AE-9C50-4008-B757-FB0CEBD40A7A}.Debug|Any CPU.Build.0 = Debug|Any CPU
		{B75EF7AE-9C50-4008-B757-FB0CEBD40A7A}.Debug|ARM.ActiveCfg = Debug|Any CPU
		{B75EF7AE-9C50-4008-B757-FB0CEBD40A7A}.Debug|ARM.Build.0 = Debug|Any CPU
		{B75EF7AE-9C50-4008-B757-FB0CEBD40A7A}.Debug|iPhone.ActiveCfg = Debug|Any CPU
		{B75EF7AE-9C50-4008-B757-FB0CEBD40A7A}.Debug|iPhone.Build.0 = Debug|Any CPU
		{B75EF7AE-9C50-4008-B757-FB0CEBD40A7A}.Debug|iPhoneSimulator.ActiveCfg = Debug|Any CPU
		{B75EF7AE-9C50-4008-B757-FB0CEBD40A7A}.Debug|iPhoneSimulator.Build.0 = Debug|Any CPU
		{B75EF7AE-9C50-4008-B757-FB0CEBD40A7A}.Debug|x64.ActiveCfg = Debug|Any CPU
		{B75EF7AE-9C50-4008-B757-FB0CEBD40A7A}.Debug|x64.Build.0 = Debug|Any CPU
		{B75EF7AE-9C50-4008-B757-FB0CEBD40A7A}.Debug|x86.ActiveCfg = Debug|Any CPU
		{B75EF7AE-9C50-4008-B757-FB0CEBD40A7A}.Debug|x86.Build.0 = Debug|Any CPU
		{B75EF7AE-9C50-4008-B757-FB0CEBD40A7A}.Release|Any CPU.ActiveCfg = Release|Any CPU
		{B75EF7AE-9C50-4008-B757-FB0CEBD40A7A}.Release|Any CPU.Build.0 = Release|Any CPU
		{B75EF7AE-9C50-4008-B757-FB0CEBD40A7A}.Release|ARM.ActiveCfg = Release|Any CPU
		{B75EF7AE-9C50-4008-B757-FB0CEBD40A7A}.Release|ARM.Build.0 = Release|Any CPU
		{B75EF7AE-9C50-4008-B757-FB0CEBD40A7A}.Release|iPhone.ActiveCfg = Release|Any CPU
		{B75EF7AE-9C50-4008-B757-FB0CEBD40A7A}.Release|iPhone.Build.0 = Release|Any CPU
		{B75EF7AE-9C50-4008-B757-FB0CEBD40A7A}.Release|iPhoneSimulator.ActiveCfg = Release|Any CPU
		{B75EF7AE-9C50-4008-B757-FB0CEBD40A7A}.Release|iPhoneSimulator.Build.0 = Release|Any CPU
		{B75EF7AE-9C50-4008-B757-FB0CEBD40A7A}.Release|x64.ActiveCfg = Release|Any CPU
		{B75EF7AE-9C50-4008-B757-FB0CEBD40A7A}.Release|x64.Build.0 = Release|Any CPU
		{B75EF7AE-9C50-4008-B757-FB0CEBD40A7A}.Release|x86.ActiveCfg = Release|Any CPU
		{B75EF7AE-9C50-4008-B757-FB0CEBD40A7A}.Release|x86.Build.0 = Release|Any CPU
		{8F812CBD-A273-4C37-8FEA-F7A8F00DF0D0}.Debug|Any CPU.ActiveCfg = Debug|Any CPU
		{8F812CBD-A273-4C37-8FEA-F7A8F00DF0D0}.Debug|Any CPU.Build.0 = Debug|Any CPU
		{8F812CBD-A273-4C37-8FEA-F7A8F00DF0D0}.Debug|ARM.ActiveCfg = Debug|Any CPU
		{8F812CBD-A273-4C37-8FEA-F7A8F00DF0D0}.Debug|ARM.Build.0 = Debug|Any CPU
		{8F812CBD-A273-4C37-8FEA-F7A8F00DF0D0}.Debug|iPhone.ActiveCfg = Debug|Any CPU
		{8F812CBD-A273-4C37-8FEA-F7A8F00DF0D0}.Debug|iPhone.Build.0 = Debug|Any CPU
		{8F812CBD-A273-4C37-8FEA-F7A8F00DF0D0}.Debug|iPhoneSimulator.ActiveCfg = Debug|Any CPU
		{8F812CBD-A273-4C37-8FEA-F7A8F00DF0D0}.Debug|iPhoneSimulator.Build.0 = Debug|Any CPU
		{8F812CBD-A273-4C37-8FEA-F7A8F00DF0D0}.Debug|x64.ActiveCfg = Debug|Any CPU
		{8F812CBD-A273-4C37-8FEA-F7A8F00DF0D0}.Debug|x64.Build.0 = Debug|Any CPU
		{8F812CBD-A273-4C37-8FEA-F7A8F00DF0D0}.Debug|x86.ActiveCfg = Debug|Any CPU
		{8F812CBD-A273-4C37-8FEA-F7A8F00DF0D0}.Debug|x86.Build.0 = Debug|Any CPU
		{8F812CBD-A273-4C37-8FEA-F7A8F00DF0D0}.Release|Any CPU.ActiveCfg = Release|Any CPU
		{8F812CBD-A273-4C37-8FEA-F7A8F00DF0D0}.Release|Any CPU.Build.0 = Release|Any CPU
		{8F812CBD-A273-4C37-8FEA-F7A8F00DF0D0}.Release|ARM.ActiveCfg = Release|Any CPU
		{8F812CBD-A273-4C37-8FEA-F7A8F00DF0D0}.Release|ARM.Build.0 = Release|Any CPU
		{8F812CBD-A273-4C37-8FEA-F7A8F00DF0D0}.Release|iPhone.ActiveCfg = Release|Any CPU
		{8F812CBD-A273-4C37-8FEA-F7A8F00DF0D0}.Release|iPhone.Build.0 = Release|Any CPU
		{8F812CBD-A273-4C37-8FEA-F7A8F00DF0D0}.Release|iPhoneSimulator.ActiveCfg = Release|Any CPU
		{8F812CBD-A273-4C37-8FEA-F7A8F00DF0D0}.Release|iPhoneSimulator.Build.0 = Release|Any CPU
		{8F812CBD-A273-4C37-8FEA-F7A8F00DF0D0}.Release|x64.ActiveCfg = Release|Any CPU
		{8F812CBD-A273-4C37-8FEA-F7A8F00DF0D0}.Release|x64.Build.0 = Release|Any CPU
		{8F812CBD-A273-4C37-8FEA-F7A8F00DF0D0}.Release|x86.ActiveCfg = Release|Any CPU
		{8F812CBD-A273-4C37-8FEA-F7A8F00DF0D0}.Release|x86.Build.0 = Release|Any CPU
		{D4AC2A2D-AE3C-44E4-800E-07FA90088B54}.Debug|Any CPU.ActiveCfg = Debug|Any CPU
		{D4AC2A2D-AE3C-44E4-800E-07FA90088B54}.Debug|Any CPU.Build.0 = Debug|Any CPU
		{D4AC2A2D-AE3C-44E4-800E-07FA90088B54}.Debug|ARM.ActiveCfg = Debug|Any CPU
		{D4AC2A2D-AE3C-44E4-800E-07FA90088B54}.Debug|ARM.Build.0 = Debug|Any CPU
		{D4AC2A2D-AE3C-44E4-800E-07FA90088B54}.Debug|iPhone.ActiveCfg = Debug|Any CPU
		{D4AC2A2D-AE3C-44E4-800E-07FA90088B54}.Debug|iPhone.Build.0 = Debug|Any CPU
		{D4AC2A2D-AE3C-44E4-800E-07FA90088B54}.Debug|iPhoneSimulator.ActiveCfg = Debug|Any CPU
		{D4AC2A2D-AE3C-44E4-800E-07FA90088B54}.Debug|iPhoneSimulator.Build.0 = Debug|Any CPU
		{D4AC2A2D-AE3C-44E4-800E-07FA90088B54}.Debug|x64.ActiveCfg = Debug|Any CPU
		{D4AC2A2D-AE3C-44E4-800E-07FA90088B54}.Debug|x64.Build.0 = Debug|Any CPU
		{D4AC2A2D-AE3C-44E4-800E-07FA90088B54}.Debug|x86.ActiveCfg = Debug|Any CPU
		{D4AC2A2D-AE3C-44E4-800E-07FA90088B54}.Debug|x86.Build.0 = Debug|Any CPU
		{D4AC2A2D-AE3C-44E4-800E-07FA90088B54}.Release|Any CPU.ActiveCfg = Release|Any CPU
		{D4AC2A2D-AE3C-44E4-800E-07FA90088B54}.Release|Any CPU.Build.0 = Release|Any CPU
		{D4AC2A2D-AE3C-44E4-800E-07FA90088B54}.Release|ARM.ActiveCfg = Release|Any CPU
		{D4AC2A2D-AE3C-44E4-800E-07FA90088B54}.Release|ARM.Build.0 = Release|Any CPU
		{D4AC2A2D-AE3C-44E4-800E-07FA90088B54}.Release|iPhone.ActiveCfg = Release|Any CPU
		{D4AC2A2D-AE3C-44E4-800E-07FA90088B54}.Release|iPhone.Build.0 = Release|Any CPU
		{D4AC2A2D-AE3C-44E4-800E-07FA90088B54}.Release|iPhoneSimulator.ActiveCfg = Release|Any CPU
		{D4AC2A2D-AE3C-44E4-800E-07FA90088B54}.Release|iPhoneSimulator.Build.0 = Release|Any CPU
		{D4AC2A2D-AE3C-44E4-800E-07FA90088B54}.Release|x64.ActiveCfg = Release|Any CPU
		{D4AC2A2D-AE3C-44E4-800E-07FA90088B54}.Release|x64.Build.0 = Release|Any CPU
		{D4AC2A2D-AE3C-44E4-800E-07FA90088B54}.Release|x86.ActiveCfg = Release|Any CPU
		{D4AC2A2D-AE3C-44E4-800E-07FA90088B54}.Release|x86.Build.0 = Release|Any CPU
		{DE90FE0A-CA8A-47E7-9281-D9B088FD8093}.Debug|Any CPU.ActiveCfg = Debug|Any CPU
		{DE90FE0A-CA8A-47E7-9281-D9B088FD8093}.Debug|Any CPU.Build.0 = Debug|Any CPU
		{DE90FE0A-CA8A-47E7-9281-D9B088FD8093}.Debug|ARM.ActiveCfg = Debug|Any CPU
		{DE90FE0A-CA8A-47E7-9281-D9B088FD8093}.Debug|ARM.Build.0 = Debug|Any CPU
		{DE90FE0A-CA8A-47E7-9281-D9B088FD8093}.Debug|iPhone.ActiveCfg = Debug|Any CPU
		{DE90FE0A-CA8A-47E7-9281-D9B088FD8093}.Debug|iPhone.Build.0 = Debug|Any CPU
		{DE90FE0A-CA8A-47E7-9281-D9B088FD8093}.Debug|iPhoneSimulator.ActiveCfg = Debug|Any CPU
		{DE90FE0A-CA8A-47E7-9281-D9B088FD8093}.Debug|iPhoneSimulator.Build.0 = Debug|Any CPU
		{DE90FE0A-CA8A-47E7-9281-D9B088FD8093}.Debug|x64.ActiveCfg = Debug|Any CPU
		{DE90FE0A-CA8A-47E7-9281-D9B088FD8093}.Debug|x64.Build.0 = Debug|Any CPU
		{DE90FE0A-CA8A-47E7-9281-D9B088FD8093}.Debug|x86.ActiveCfg = Debug|Any CPU
		{DE90FE0A-CA8A-47E7-9281-D9B088FD8093}.Debug|x86.Build.0 = Debug|Any CPU
		{DE90FE0A-CA8A-47E7-9281-D9B088FD8093}.Release|Any CPU.ActiveCfg = Release|Any CPU
		{DE90FE0A-CA8A-47E7-9281-D9B088FD8093}.Release|Any CPU.Build.0 = Release|Any CPU
		{DE90FE0A-CA8A-47E7-9281-D9B088FD8093}.Release|ARM.ActiveCfg = Release|Any CPU
		{DE90FE0A-CA8A-47E7-9281-D9B088FD8093}.Release|ARM.Build.0 = Release|Any CPU
		{DE90FE0A-CA8A-47E7-9281-D9B088FD8093}.Release|iPhone.ActiveCfg = Release|Any CPU
		{DE90FE0A-CA8A-47E7-9281-D9B088FD8093}.Release|iPhone.Build.0 = Release|Any CPU
		{DE90FE0A-CA8A-47E7-9281-D9B088FD8093}.Release|iPhoneSimulator.ActiveCfg = Release|Any CPU
		{DE90FE0A-CA8A-47E7-9281-D9B088FD8093}.Release|iPhoneSimulator.Build.0 = Release|Any CPU
		{DE90FE0A-CA8A-47E7-9281-D9B088FD8093}.Release|x64.ActiveCfg = Release|Any CPU
		{DE90FE0A-CA8A-47E7-9281-D9B088FD8093}.Release|x64.Build.0 = Release|Any CPU
		{DE90FE0A-CA8A-47E7-9281-D9B088FD8093}.Release|x86.ActiveCfg = Release|Any CPU
		{DE90FE0A-CA8A-47E7-9281-D9B088FD8093}.Release|x86.Build.0 = Release|Any CPU
		{6B331305-7721-42C9-8A88-39674804F813}.Debug|Any CPU.ActiveCfg = Debug|Any CPU
		{6B331305-7721-42C9-8A88-39674804F813}.Debug|Any CPU.Build.0 = Debug|Any CPU
		{6B331305-7721-42C9-8A88-39674804F813}.Debug|ARM.ActiveCfg = Debug|Any CPU
		{6B331305-7721-42C9-8A88-39674804F813}.Debug|ARM.Build.0 = Debug|Any CPU
		{6B331305-7721-42C9-8A88-39674804F813}.Debug|iPhone.ActiveCfg = Debug|Any CPU
		{6B331305-7721-42C9-8A88-39674804F813}.Debug|iPhone.Build.0 = Debug|Any CPU
		{6B331305-7721-42C9-8A88-39674804F813}.Debug|iPhoneSimulator.ActiveCfg = Debug|Any CPU
		{6B331305-7721-42C9-8A88-39674804F813}.Debug|iPhoneSimulator.Build.0 = Debug|Any CPU
		{6B331305-7721-42C9-8A88-39674804F813}.Debug|x64.ActiveCfg = Debug|Any CPU
		{6B331305-7721-42C9-8A88-39674804F813}.Debug|x64.Build.0 = Debug|Any CPU
		{6B331305-7721-42C9-8A88-39674804F813}.Debug|x86.ActiveCfg = Debug|Any CPU
		{6B331305-7721-42C9-8A88-39674804F813}.Debug|x86.Build.0 = Debug|Any CPU
		{6B331305-7721-42C9-8A88-39674804F813}.Release|Any CPU.ActiveCfg = Release|Any CPU
		{6B331305-7721-42C9-8A88-39674804F813}.Release|Any CPU.Build.0 = Release|Any CPU
		{6B331305-7721-42C9-8A88-39674804F813}.Release|ARM.ActiveCfg = Release|Any CPU
		{6B331305-7721-42C9-8A88-39674804F813}.Release|ARM.Build.0 = Release|Any CPU
		{6B331305-7721-42C9-8A88-39674804F813}.Release|iPhone.ActiveCfg = Release|Any CPU
		{6B331305-7721-42C9-8A88-39674804F813}.Release|iPhone.Build.0 = Release|Any CPU
		{6B331305-7721-42C9-8A88-39674804F813}.Release|iPhoneSimulator.ActiveCfg = Release|Any CPU
		{6B331305-7721-42C9-8A88-39674804F813}.Release|iPhoneSimulator.Build.0 = Release|Any CPU
		{6B331305-7721-42C9-8A88-39674804F813}.Release|x64.ActiveCfg = Release|Any CPU
		{6B331305-7721-42C9-8A88-39674804F813}.Release|x64.Build.0 = Release|Any CPU
		{6B331305-7721-42C9-8A88-39674804F813}.Release|x86.ActiveCfg = Release|Any CPU
		{6B331305-7721-42C9-8A88-39674804F813}.Release|x86.Build.0 = Release|Any CPU
		{8220E6A2-EB9B-4E75-B084-6EDD485E8461}.Debug|Any CPU.ActiveCfg = Debug|Any CPU
		{8220E6A2-EB9B-4E75-B084-6EDD485E8461}.Debug|Any CPU.Build.0 = Debug|Any CPU
		{8220E6A2-EB9B-4E75-B084-6EDD485E8461}.Debug|ARM.ActiveCfg = Debug|Any CPU
		{8220E6A2-EB9B-4E75-B084-6EDD485E8461}.Debug|ARM.Build.0 = Debug|Any CPU
		{8220E6A2-EB9B-4E75-B084-6EDD485E8461}.Debug|iPhone.ActiveCfg = Debug|Any CPU
		{8220E6A2-EB9B-4E75-B084-6EDD485E8461}.Debug|iPhone.Build.0 = Debug|Any CPU
		{8220E6A2-EB9B-4E75-B084-6EDD485E8461}.Debug|iPhoneSimulator.ActiveCfg = Debug|Any CPU
		{8220E6A2-EB9B-4E75-B084-6EDD485E8461}.Debug|iPhoneSimulator.Build.0 = Debug|Any CPU
		{8220E6A2-EB9B-4E75-B084-6EDD485E8461}.Debug|x64.ActiveCfg = Debug|Any CPU
		{8220E6A2-EB9B-4E75-B084-6EDD485E8461}.Debug|x64.Build.0 = Debug|Any CPU
		{8220E6A2-EB9B-4E75-B084-6EDD485E8461}.Debug|x86.ActiveCfg = Debug|Any CPU
		{8220E6A2-EB9B-4E75-B084-6EDD485E8461}.Debug|x86.Build.0 = Debug|Any CPU
		{8220E6A2-EB9B-4E75-B084-6EDD485E8461}.Release|Any CPU.ActiveCfg = Release|Any CPU
		{8220E6A2-EB9B-4E75-B084-6EDD485E8461}.Release|Any CPU.Build.0 = Release|Any CPU
		{8220E6A2-EB9B-4E75-B084-6EDD485E8461}.Release|ARM.ActiveCfg = Release|Any CPU
		{8220E6A2-EB9B-4E75-B084-6EDD485E8461}.Release|ARM.Build.0 = Release|Any CPU
		{8220E6A2-EB9B-4E75-B084-6EDD485E8461}.Release|iPhone.ActiveCfg = Release|Any CPU
		{8220E6A2-EB9B-4E75-B084-6EDD485E8461}.Release|iPhone.Build.0 = Release|Any CPU
		{8220E6A2-EB9B-4E75-B084-6EDD485E8461}.Release|iPhoneSimulator.ActiveCfg = Release|Any CPU
		{8220E6A2-EB9B-4E75-B084-6EDD485E8461}.Release|iPhoneSimulator.Build.0 = Release|Any CPU
		{8220E6A2-EB9B-4E75-B084-6EDD485E8461}.Release|x64.ActiveCfg = Release|Any CPU
		{8220E6A2-EB9B-4E75-B084-6EDD485E8461}.Release|x64.Build.0 = Release|Any CPU
		{8220E6A2-EB9B-4E75-B084-6EDD485E8461}.Release|x86.ActiveCfg = Release|Any CPU
		{8220E6A2-EB9B-4E75-B084-6EDD485E8461}.Release|x86.Build.0 = Release|Any CPU
		{09BD58DD-6574-4E62-A265-F3B9A29AE647}.Debug|Any CPU.ActiveCfg = Debug|Any CPU
		{09BD58DD-6574-4E62-A265-F3B9A29AE647}.Debug|Any CPU.Build.0 = Debug|Any CPU
		{09BD58DD-6574-4E62-A265-F3B9A29AE647}.Debug|ARM.ActiveCfg = Debug|Any CPU
		{09BD58DD-6574-4E62-A265-F3B9A29AE647}.Debug|ARM.Build.0 = Debug|Any CPU
		{09BD58DD-6574-4E62-A265-F3B9A29AE647}.Debug|iPhone.ActiveCfg = Debug|Any CPU
		{09BD58DD-6574-4E62-A265-F3B9A29AE647}.Debug|iPhone.Build.0 = Debug|Any CPU
		{09BD58DD-6574-4E62-A265-F3B9A29AE647}.Debug|iPhoneSimulator.ActiveCfg = Debug|Any CPU
		{09BD58DD-6574-4E62-A265-F3B9A29AE647}.Debug|iPhoneSimulator.Build.0 = Debug|Any CPU
		{09BD58DD-6574-4E62-A265-F3B9A29AE647}.Debug|x64.ActiveCfg = Debug|Any CPU
		{09BD58DD-6574-4E62-A265-F3B9A29AE647}.Debug|x64.Build.0 = Debug|Any CPU
		{09BD58DD-6574-4E62-A265-F3B9A29AE647}.Debug|x86.ActiveCfg = Debug|Any CPU
		{09BD58DD-6574-4E62-A265-F3B9A29AE647}.Debug|x86.Build.0 = Debug|Any CPU
		{09BD58DD-6574-4E62-A265-F3B9A29AE647}.Release|Any CPU.ActiveCfg = Release|Any CPU
		{09BD58DD-6574-4E62-A265-F3B9A29AE647}.Release|Any CPU.Build.0 = Release|Any CPU
		{09BD58DD-6574-4E62-A265-F3B9A29AE647}.Release|ARM.ActiveCfg = Release|Any CPU
		{09BD58DD-6574-4E62-A265-F3B9A29AE647}.Release|ARM.Build.0 = Release|Any CPU
		{09BD58DD-6574-4E62-A265-F3B9A29AE647}.Release|iPhone.ActiveCfg = Release|Any CPU
		{09BD58DD-6574-4E62-A265-F3B9A29AE647}.Release|iPhone.Build.0 = Release|Any CPU
		{09BD58DD-6574-4E62-A265-F3B9A29AE647}.Release|iPhoneSimulator.ActiveCfg = Release|Any CPU
		{09BD58DD-6574-4E62-A265-F3B9A29AE647}.Release|iPhoneSimulator.Build.0 = Release|Any CPU
		{09BD58DD-6574-4E62-A265-F3B9A29AE647}.Release|x64.ActiveCfg = Release|Any CPU
		{09BD58DD-6574-4E62-A265-F3B9A29AE647}.Release|x64.Build.0 = Release|Any CPU
		{09BD58DD-6574-4E62-A265-F3B9A29AE647}.Release|x86.ActiveCfg = Release|Any CPU
		{09BD58DD-6574-4E62-A265-F3B9A29AE647}.Release|x86.Build.0 = Release|Any CPU
	EndGlobalSection
	GlobalSection(SolutionProperties) = preSolution
		HideSolutionNode = FALSE
	EndGlobalSection
	GlobalSection(NestedProjects) = preSolution
		{EAA422D5-2965-43D1-A3E1-C8665B75EEF8} = {53406298-FCD4-4ECC-AC0B-C91D3896F81C}
		{341D69ED-082A-40CF-8E1C-1AE3863D4805} = {53406298-FCD4-4ECC-AC0B-C91D3896F81C}
		{D4AC2A2D-AE3C-44E4-800E-07FA90088B54} = {53406298-FCD4-4ECC-AC0B-C91D3896F81C}
		{DE90FE0A-CA8A-47E7-9281-D9B088FD8093} = {53406298-FCD4-4ECC-AC0B-C91D3896F81C}
		{6B331305-7721-42C9-8A88-39674804F813} = {53406298-FCD4-4ECC-AC0B-C91D3896F81C}
		{09BD58DD-6574-4E62-A265-F3B9A29AE647} = {53406298-FCD4-4ECC-AC0B-C91D3896F81C}
	EndGlobalSection
EndGlobal
